
Microsoft Visual Studio Solution File, Format Version 12.00
# Visual Studio Version 16
VisualStudioVersion = 16.0.31410.357
MinimumVisualStudioVersion = 10.0.40219.1
Project("{8BC9CEB8-8B4A-11D0-8D11-00A0C91BC942}") = "Lists", "Lists\Lists.vcxproj", "{26DF8515-9526-4261-9A48-0A17AEDE8483}"
EndProject
Global
	GlobalSection(SolutionConfigurationPlatforms) = preSolution
		Debug|x64 = Debug|x64
		Debug|x86 = Debug|x86
		Release|x64 = Release|x64
		Release|x86 = Release|x86
	EndGlobalSection
	GlobalSection(ProjectConfigurationPlatforms) = postSolution
		{26DF8515-9526-4261-9A48-0A17AEDE8483}.Debug|x64.ActiveCfg = Debug|x64
		{26DF8515-9526-4261-9A48-0A17AEDE8483}.Debug|x64.Build.0 = Debug|x64
		{26DF8515-9526-4261-9A48-0A17AEDE8483}.Debug|x86.ActiveCfg = Debug|Win32
		{26DF8515-9526-4261-9A48-0A17AEDE8483}.Debug|x86.Build.0 = Debug|Win32
		{26DF8515-9526-4261-9A48-0A17AEDE8483}.Release|x64.ActiveCfg = Release|x64
		{26DF8515-9526-4261-9A48-0A17AEDE8483}.Release|x64.Build.0 = Release|x64
		{26DF8515-9526-4261-9A48-0A17AEDE8483}.Release|x86.ActiveCfg = Release|Win32
		{26DF8515-9526-4261-9A48-0A17AEDE8483}.Release|x86.Build.0 = Release|Win32
	EndGlobalSection
	GlobalSection(SolutionProperties) = preSolution
		HideSolutionNode = FALSE
	EndGlobalSection
	GlobalSection(ExtensibilityGlobals) = postSolution
		SolutionGuid = {4E6324C2-75F2-4AAD-9CC7-4BFB7C4544E3}
	EndGlobalSection
EndGlobal
